
Microsoft Visual Studio Solution File, Format Version 12.00
# Visual Studio 15
VisualStudioVersion = 15.0.26430.13
MinimumVisualStudioVersion = 10.0.40219.1
Project("{FAE04EC0-301F-11D3-BF4B-00C04F79EFBC}") = "SharePrice", "SharePrice\SharePrice\SharePrice.csproj", "{87BD7585-9C5B-4DEA-9B5C-B8A88405275A}"
EndProject
Project("{FAE04EC0-301F-11D3-BF4B-00C04F79EFBC}") = "SharePrice.Droid", "SharePrice\SharePrice.Droid\SharePrice.Droid.csproj", "{4800AE8F-BCED-461E-AB66-AE9FB3AC0E21}"
EndProject
Project("{FAE04EC0-301F-11D3-BF4B-00C04F79EFBC}") = "SharePrice.iOS", "SharePrice\SharePrice.iOS\SharePrice.iOS.csproj", "{17228C0B-918C-4ABB-B5A1-99FEDC941B8C}"
EndProject
Project("{FAE04EC0-301F-11D3-BF4B-00C04F79EFBC}") = "SharePrice.UWP", "SharePrice\SharePrice.UWP\SharePrice.UWP.csproj", "{AAF4562F-F540-4F31-943E-B6ED1C7BA573}"
EndProject
Global
	GlobalSection(SolutionConfigurationPlatforms) = preSolution
		Ad-Hoc|Any CPU = Ad-Hoc|Any CPU
		Ad-Hoc|ARM = Ad-Hoc|ARM
		Ad-Hoc|iPhone = Ad-Hoc|iPhone
		Ad-Hoc|iPhoneSimulator = Ad-Hoc|iPhoneSimulator
		Ad-Hoc|x64 = Ad-Hoc|x64
		Ad-Hoc|x86 = Ad-Hoc|x86
		AppStore|Any CPU = AppStore|Any CPU
		AppStore|ARM = AppStore|ARM
		AppStore|iPhone = AppStore|iPhone
		AppStore|iPhoneSimulator = AppStore|iPhoneSimulator
		AppStore|x64 = AppStore|x64
		AppStore|x86 = AppStore|x86
		Debug|Any CPU = Debug|Any CPU
		Debug|ARM = Debug|ARM
		Debug|iPhone = Debug|iPhone
		Debug|iPhoneSimulator = Debug|iPhoneSimulator
		Debug|x64 = Debug|x64
		Debug|x86 = Debug|x86
		Release|Any CPU = Release|Any CPU
		Release|ARM = Release|ARM
		Release|iPhone = Release|iPhone
		Release|iPhoneSimulator = Release|iPhoneSimulator
		Release|x64 = Release|x64
		Release|x86 = Release|x86
	EndGlobalSection
	GlobalSection(ProjectConfigurationPlatforms) = postSolution
		{87BD7585-9C5B-4DEA-9B5C-B8A88405275A}.Ad-Hoc|Any CPU.ActiveCfg = Release|Any CPU
		{87BD7585-9C5B-4DEA-9B5C-B8A88405275A}.Ad-Hoc|Any CPU.Build.0 = Release|Any CPU
		{87BD7585-9C5B-4DEA-9B5C-B8A88405275A}.Ad-Hoc|ARM.ActiveCfg = Release|Any CPU
		{87BD7585-9C5B-4DEA-9B5C-B8A88405275A}.Ad-Hoc|ARM.Build.0 = Release|Any CPU
		{87BD7585-9C5B-4DEA-9B5C-B8A88405275A}.Ad-Hoc|iPhone.ActiveCfg = Release|Any CPU
		{87BD7585-9C5B-4DEA-9B5C-B8A88405275A}.Ad-Hoc|iPhone.Build.0 = Release|Any CPU
		{87BD7585-9C5B-4DEA-9B5C-B8A88405275A}.Ad-Hoc|iPhoneSimulator.ActiveCfg = Release|Any CPU
		{87BD7585-9C5B-4DEA-9B5C-B8A88405275A}.Ad-Hoc|iPhoneSimulator.Build.0 = Release|Any CPU
		{87BD7585-9C5B-4DEA-9B5C-B8A88405275A}.Ad-Hoc|x64.ActiveCfg = Release|Any CPU
		{87BD7585-9C5B-4DEA-9B5C-B8A88405275A}.Ad-Hoc|x64.Build.0 = Release|Any CPU
		{87BD7585-9C5B-4DEA-9B5C-B8A88405275A}.Ad-Hoc|x86.ActiveCfg = Release|Any CPU
		{87BD7585-9C5B-4DEA-9B5C-B8A88405275A}.Ad-Hoc|x86.Build.0 = Release|Any CPU
		{87BD7585-9C5B-4DEA-9B5C-B8A88405275A}.AppStore|Any CPU.ActiveCfg = Release|Any CPU
		{87BD7585-9C5B-4DEA-9B5C-B8A88405275A}.AppStore|Any CPU.Build.0 = Release|Any CPU
		{87BD7585-9C5B-4DEA-9B5C-B8A88405275A}.AppStore|ARM.ActiveCfg = Release|Any CPU
		{87BD7585-9C5B-4DEA-9B5C-B8A88405275A}.AppStore|ARM.Build.0 = Release|Any CPU
		{87BD7585-9C5B-4DEA-9B5C-B8A88405275A}.AppStore|iPhone.ActiveCfg = Release|Any CPU
		{87BD7585-9C5B-4DEA-9B5C-B8A88405275A}.AppStore|iPhone.Build.0 = Release|Any CPU
		{87BD7585-9C5B-4DEA-9B5C-B8A88405275A}.AppStore|iPhoneSimulator.ActiveCfg = Release|Any CPU
		{87BD7585-9C5B-4DEA-9B5C-B8A88405275A}.AppStore|iPhoneSimulator.Build.0 = Release|Any CPU
		{87BD7585-9C5B-4DEA-9B5C-B8A88405275A}.AppStore|x64.ActiveCfg = Release|Any CPU
		{87BD7585-9C5B-4DEA-9B5C-B8A88405275A}.AppStore|x64.Build.0 = Release|Any CPU
		{87BD7585-9C5B-4DEA-9B5C-B8A88405275A}.AppStore|x86.ActiveCfg = Release|Any CPU
		{87BD7585-9C5B-4DEA-9B5C-B8A88405275A}.AppStore|x86.Build.0 = Release|Any CPU
		{87BD7585-9C5B-4DEA-9B5C-B8A88405275A}.Debug|Any CPU.ActiveCfg = Debug|Any CPU
		{87BD7585-9C5B-4DEA-9B5C-B8A88405275A}.Debug|Any CPU.Build.0 = Debug|Any CPU
		{87BD7585-9C5B-4DEA-9B5C-B8A88405275A}.Debug|ARM.ActiveCfg = Debug|Any CPU
		{87BD7585-9C5B-4DEA-9B5C-B8A88405275A}.Debug|ARM.Build.0 = Debug|Any CPU
		{87BD7585-9C5B-4DEA-9B5C-B8A88405275A}.Debug|iPhone.ActiveCfg = Debug|Any CPU
		{87BD7585-9C5B-4DEA-9B5C-B8A88405275A}.Debug|iPhone.Build.0 = Debug|Any CPU
		{87BD7585-9C5B-4DEA-9B5C-B8A88405275A}.Debug|iPhoneSimulator.ActiveCfg = Debug|Any CPU
		{87BD7585-9C5B-4DEA-9B5C-B8A88405275A}.Debug|iPhoneSimulator.Build.0 = Debug|Any CPU
		{87BD7585-9C5B-4DEA-9B5C-B8A88405275A}.Debug|x64.ActiveCfg = Debug|Any CPU
		{87BD7585-9C5B-4DEA-9B5C-B8A88405275A}.Debug|x64.Build.0 = Debug|Any CPU
		{87BD7585-9C5B-4DEA-9B5C-B8A88405275A}.Debug|x86.ActiveCfg = Debug|Any CPU
		{87BD7585-9C5B-4DEA-9B5C-B8A88405275A}.Debug|x86.Build.0 = Debug|Any CPU
		{87BD7585-9C5B-4DEA-9B5C-B8A88405275A}.Release|Any CPU.ActiveCfg = Release|Any CPU
		{87BD7585-9C5B-4DEA-9B5C-B8A88405275A}.Release|Any CPU.Build.0 = Release|Any CPU
		{87BD7585-9C5B-4DEA-9B5C-B8A88405275A}.Release|ARM.ActiveCfg = Release|Any CPU
		{87BD7585-9C5B-4DEA-9B5C-B8A88405275A}.Release|ARM.Build.0 = Release|Any CPU
		{87BD7585-9C5B-4DEA-9B5C-B8A88405275A}.Release|iPhone.ActiveCfg = Release|Any CPU
		{87BD7585-9C5B-4DEA-9B5C-B8A88405275A}.Release|iPhone.Build.0 = Release|Any CPU
		{87BD7585-9C5B-4DEA-9B5C-B8A88405275A}.Release|iPhoneSimulator.ActiveCfg = Release|Any CPU
		{87BD7585-9C5B-4DEA-9B5C-B8A88405275A}.Release|iPhoneSimulator.Build.0 = Release|Any CPU
		{87BD7585-9C5B-4DEA-9B5C-B8A88405275A}.Release|x64.ActiveCfg = Release|Any CPU
		{87BD7585-9C5B-4DEA-9B5C-B8A88405275A}.Release|x64.Build.0 = Release|Any CPU
		{87BD7585-9C5B-4DEA-9B5C-B8A88405275A}.Release|x86.ActiveCfg = Release|Any CPU
		{87BD7585-9C5B-4DEA-9B5C-B8A88405275A}.Release|x86.Build.0 = Release|Any CPU
		{4800AE8F-BCED-461E-AB66-AE9FB3AC0E21}.Ad-Hoc|Any CPU.ActiveCfg = Release|Any CPU
		{4800AE8F-BCED-461E-AB66-AE9FB3AC0E21}.Ad-Hoc|Any CPU.Build.0 = Release|Any CPU
		{4800AE8F-BCED-461E-AB66-AE9FB3AC0E21}.Ad-Hoc|Any CPU.Deploy.0 = Release|Any CPU
		{4800AE8F-BCED-461E-AB66-AE9FB3AC0E21}.Ad-Hoc|ARM.ActiveCfg = Release|Any CPU
		{4800AE8F-BCED-461E-AB66-AE9FB3AC0E21}.Ad-Hoc|ARM.Build.0 = Release|Any CPU
		{4800AE8F-BCED-461E-AB66-AE9FB3AC0E21}.Ad-Hoc|ARM.Deploy.0 = Release|Any CPU
		{4800AE8F-BCED-461E-AB66-AE9FB3AC0E21}.Ad-Hoc|iPhone.ActiveCfg = Release|Any CPU
		{4800AE8F-BCED-461E-AB66-AE9FB3AC0E21}.Ad-Hoc|iPhone.Build.0 = Release|Any CPU
		{4800AE8F-BCED-461E-AB66-AE9FB3AC0E21}.Ad-Hoc|iPhone.Deploy.0 = Release|Any CPU
		{4800AE8F-BCED-461E-AB66-AE9FB3AC0E21}.Ad-Hoc|iPhoneSimulator.ActiveCfg = Release|Any CPU
		{4800AE8F-BCED-461E-AB66-AE9FB3AC0E21}.Ad-Hoc|iPhoneSimulator.Build.0 = Release|Any CPU
		{4800AE8F-BCED-461E-AB66-AE9FB3AC0E21}.Ad-Hoc|iPhoneSimulator.Deploy.0 = Release|Any CPU
		{4800AE8F-BCED-461E-AB66-AE9FB3AC0E21}.Ad-Hoc|x64.ActiveCfg = Release|Any CPU
		{4800AE8F-BCED-461E-AB66-AE9FB3AC0E21}.Ad-Hoc|x64.Build.0 = Release|Any CPU
		{4800AE8F-BCED-461E-AB66-AE9FB3AC0E21}.Ad-Hoc|x64.Deploy.0 = Release|Any CPU
		{4800AE8F-BCED-461E-AB66-AE9FB3AC0E21}.Ad-Hoc|x86.ActiveCfg = Release|Any CPU
		{4800AE8F-BCED-461E-AB66-AE9FB3AC0E21}.Ad-Hoc|x86.Build.0 = Release|Any CPU
		{4800AE8F-BCED-461E-AB66-AE9FB3AC0E21}.Ad-Hoc|x86.Deploy.0 = Release|Any CPU
		{4800AE8F-BCED-461E-AB66-AE9FB3AC0E21}.AppStore|Any CPU.ActiveCfg = Release|Any CPU
		{4800AE8F-BCED-461E-AB66-AE9FB3AC0E21}.AppStore|Any CPU.Build.0 = Release|Any CPU
		{4800AE8F-BCED-461E-AB66-AE9FB3AC0E21}.AppStore|Any CPU.Deploy.0 = Release|Any CPU
		{4800AE8F-BCED-461E-AB66-AE9FB3AC0E21}.AppStore|ARM.ActiveCfg = Release|Any CPU
		{4800AE8F-BCED-461E-AB66-AE9FB3AC0E21}.AppStore|ARM.Build.0 = Release|Any CPU
		{4800AE8F-BCED-461E-AB66-AE9FB3AC0E21}.AppStore|ARM.Deploy.0 = Release|Any CPU
		{4800AE8F-BCED-461E-AB66-AE9FB3AC0E21}.AppStore|iPhone.ActiveCfg = Release|Any CPU
		{4800AE8F-BCED-461E-AB66-AE9FB3AC0E21}.AppStore|iPhone.Build.0 = Release|Any CPU
		{4800AE8F-BCED-461E-AB66-AE9FB3AC0E21}.AppStore|iPhone.Deploy.0 = Release|Any CPU
		{4800AE8F-BCED-461E-AB66-AE9FB3AC0E21}.AppStore|iPhoneSimulator.ActiveCfg = Release|Any CPU
		{4800AE8F-BCED-461E-AB66-AE9FB3AC0E21}.AppStore|iPhoneSimulator.Build.0 = Release|Any CPU
		{4800AE8F-BCED-461E-AB66-AE9FB3AC0E21}.AppStore|iPhoneSimulator.Deploy.0 = Release|Any CPU
		{4800AE8F-BCED-461E-AB66-AE9FB3AC0E21}.AppStore|x64.ActiveCfg = Release|Any CPU
		{4800AE8F-BCED-461E-AB66-AE9FB3AC0E21}.AppStore|x64.Build.0 = Release|Any CPU
		{4800AE8F-BCED-461E-AB66-AE9FB3AC0E21}.AppStore|x64.Deploy.0 = Release|Any CPU
		{4800AE8F-BCED-461E-AB66-AE9FB3AC0E21}.AppStore|x86.ActiveCfg = Release|Any CPU
		{4800AE8F-BCED-461E-AB66-AE9FB3AC0E21}.AppStore|x86.Build.0 = Release|Any CPU
		{4800AE8F-BCED-461E-AB66-AE9FB3AC0E21}.AppStore|x86.Deploy.0 = Release|Any CPU
		{4800AE8F-BCED-461E-AB66-AE9FB3AC0E21}.Debug|Any CPU.ActiveCfg = Debug|Any CPU
		{4800AE8F-BCED-461E-AB66-AE9FB3AC0E21}.Debug|Any CPU.Build.0 = Debug|Any CPU
		{4800AE8F-BCED-461E-AB66-AE9FB3AC0E21}.Debug|Any CPU.Deploy.0 = Debug|Any CPU
		{4800AE8F-BCED-461E-AB66-AE9FB3AC0E21}.Debug|ARM.ActiveCfg = Debug|Any CPU
		{4800AE8F-BCED-461E-AB66-AE9FB3AC0E21}.Debug|ARM.Build.0 = Debug|Any CPU
		{4800AE8F-BCED-461E-AB66-AE9FB3AC0E21}.Debug|ARM.Deploy.0 = Debug|Any CPU
		{4800AE8F-BCED-461E-AB66-AE9FB3AC0E21}.Debug|iPhone.ActiveCfg = Debug|Any CPU
		{4800AE8F-BCED-461E-AB66-AE9FB3AC0E21}.Debug|iPhone.Build.0 = Debug|Any CPU
		{4800AE8F-BCED-461E-AB66-AE9FB3AC0E21}.Debug|iPhone.Deploy.0 = Debug|Any CPU
		{4800AE8F-BCED-461E-AB66-AE9FB3AC0E21}.Debug|iPhoneSimulator.ActiveCfg = Debug|Any CPU
		{4800AE8F-BCED-461E-AB66-AE9FB3AC0E21}.Debug|iPhoneSimulator.Build.0 = Debug|Any CPU
		{4800AE8F-BCED-461E-AB66-AE9FB3AC0E21}.Debug|iPhoneSimulator.Deploy.0 = Debug|Any CPU
		{4800AE8F-BCED-461E-AB66-AE9FB3AC0E21}.Debug|x64.ActiveCfg = Debug|Any CPU
		{4800AE8F-BCED-461E-AB66-AE9FB3AC0E21}.Debug|x64.Build.0 = Debug|Any CPU
		{4800AE8F-BCED-461E-AB66-AE9FB3AC0E21}.Debug|x64.Deploy.0 = Debug|Any CPU
		{4800AE8F-BCED-461E-AB66-AE9FB3AC0E21}.Debug|x86.ActiveCfg = Debug|Any CPU
		{4800AE8F-BCED-461E-AB66-AE9FB3AC0E21}.Debug|x86.Build.0 = Debug|Any CPU
		{4800AE8F-BCED-461E-AB66-AE9FB3AC0E21}.Debug|x86.Deploy.0 = Debug|Any CPU
		{4800AE8F-BCED-461E-AB66-AE9FB3AC0E21}.Release|Any CPU.ActiveCfg = Release|Any CPU
		{4800AE8F-BCED-461E-AB66-AE9FB3AC0E21}.Release|Any CPU.Build.0 = Release|Any CPU
		{4800AE8F-BCED-461E-AB66-AE9FB3AC0E21}.Release|Any CPU.Deploy.0 = Release|Any CPU
		{4800AE8F-BCED-461E-AB66-AE9FB3AC0E21}.Release|ARM.ActiveCfg = Release|Any CPU
		{4800AE8F-BCED-461E-AB66-AE9FB3AC0E21}.Release|ARM.Build.0 = Release|Any CPU
		{4800AE8F-BCED-461E-AB66-AE9FB3AC0E21}.Release|ARM.Deploy.0 = Release|Any CPU
		{4800AE8F-BCED-461E-AB66-AE9FB3AC0E21}.Release|iPhone.ActiveCfg = Release|Any CPU
		{4800AE8F-BCED-461E-AB66-AE9FB3AC0E21}.Release|iPhone.Build.0 = Release|Any CPU
		{4800AE8F-BCED-461E-AB66-AE9FB3AC0E21}.Release|iPhone.Deploy.0 = Release|Any CPU
		{4800AE8F-BCED-461E-AB66-AE9FB3AC0E21}.Release|iPhoneSimulator.ActiveCfg = Release|Any CPU
		{4800AE8F-BCED-461E-AB66-AE9FB3AC0E21}.Release|iPhoneSimulator.Build.0 = Release|Any CPU
		{4800AE8F-BCED-461E-AB66-AE9FB3AC0E21}.Release|iPhoneSimulator.Deploy.0 = Release|Any CPU
		{4800AE8F-BCED-461E-AB66-AE9FB3AC0E21}.Release|x64.ActiveCfg = Release|Any CPU
		{4800AE8F-BCED-461E-AB66-AE9FB3AC0E21}.Release|x64.Build.0 = Release|Any CPU
		{4800AE8F-BCED-461E-AB66-AE9FB3AC0E21}.Release|x64.Deploy.0 = Release|Any CPU
		{4800AE8F-BCED-461E-AB66-AE9FB3AC0E21}.Release|x86.ActiveCfg = Release|Any CPU
		{4800AE8F-BCED-461E-AB66-AE9FB3AC0E21}.Release|x86.Build.0 = Release|Any CPU
		{4800AE8F-BCED-461E-AB66-AE9FB3AC0E21}.Release|x86.Deploy.0 = Release|Any CPU
		{17228C0B-918C-4ABB-B5A1-99FEDC941B8C}.Ad-Hoc|Any CPU.ActiveCfg = Ad-Hoc|iPhone
		{17228C0B-918C-4ABB-B5A1-99FEDC941B8C}.Ad-Hoc|ARM.ActiveCfg = Ad-Hoc|iPhone
		{17228C0B-918C-4ABB-B5A1-99FEDC941B8C}.Ad-Hoc|iPhone.ActiveCfg = Ad-Hoc|iPhone
		{17228C0B-918C-4ABB-B5A1-99FEDC941B8C}.Ad-Hoc|iPhone.Build.0 = Ad-Hoc|iPhone
		{17228C0B-918C-4ABB-B5A1-99FEDC941B8C}.Ad-Hoc|iPhoneSimulator.ActiveCfg = Ad-Hoc|iPhoneSimulator
		{17228C0B-918C-4ABB-B5A1-99FEDC941B8C}.Ad-Hoc|iPhoneSimulator.Build.0 = Ad-Hoc|iPhoneSimulator
		{17228C0B-918C-4ABB-B5A1-99FEDC941B8C}.Ad-Hoc|x64.ActiveCfg = Ad-Hoc|iPhone
		{17228C0B-918C-4ABB-B5A1-99FEDC941B8C}.Ad-Hoc|x86.ActiveCfg = Ad-Hoc|iPhone
		{17228C0B-918C-4ABB-B5A1-99FEDC941B8C}.AppStore|Any CPU.ActiveCfg = AppStore|iPhone
		{17228C0B-918C-4ABB-B5A1-99FEDC941B8C}.AppStore|ARM.ActiveCfg = AppStore|iPhone
		{17228C0B-918C-4ABB-B5A1-99FEDC941B8C}.AppStore|iPhone.ActiveCfg = AppStore|iPhone
		{17228C0B-918C-4ABB-B5A1-99FEDC941B8C}.AppStore|iPhone.Build.0 = AppStore|iPhone
		{17228C0B-918C-4ABB-B5A1-99FEDC941B8C}.AppStore|iPhoneSimulator.ActiveCfg = AppStore|iPhoneSimulator
		{17228C0B-918C-4ABB-B5A1-99FEDC941B8C}.AppStore|iPhoneSimulator.Build.0 = AppStore|iPhoneSimulator
		{17228C0B-918C-4ABB-B5A1-99FEDC941B8C}.AppStore|x64.ActiveCfg = AppStore|iPhone
		{17228C0B-918C-4ABB-B5A1-99FEDC941B8C}.AppStore|x86.ActiveCfg = AppStore|iPhone
		{17228C0B-918C-4ABB-B5A1-99FEDC941B8C}.Debug|Any CPU.ActiveCfg = Debug|iPhone
		{17228C0B-918C-4ABB-B5A1-99FEDC941B8C}.Debug|ARM.ActiveCfg = Debug|iPhone
		{17228C0B-918C-4ABB-B5A1-99FEDC941B8C}.Debug|iPhone.ActiveCfg = Debug|iPhone
		{17228C0B-918C-4ABB-B5A1-99FEDC941B8C}.Debug|iPhone.Build.0 = Debug|iPhone
		{17228C0B-918C-4ABB-B5A1-99FEDC941B8C}.Debug|iPhoneSimulator.ActiveCfg = Debug|iPhoneSimulator
		{17228C0B-918C-4ABB-B5A1-99FEDC941B8C}.Debug|iPhoneSimulator.Build.0 = Debug|iPhoneSimulator
		{17228C0B-918C-4ABB-B5A1-99FEDC941B8C}.Debug|x64.ActiveCfg = Debug|iPhone
		{17228C0B-918C-4ABB-B5A1-99FEDC941B8C}.Debug|x86.ActiveCfg = Debug|iPhone
		{17228C0B-918C-4ABB-B5A1-99FEDC941B8C}.Release|Any CPU.ActiveCfg = Release|iPhone
		{17228C0B-918C-4ABB-B5A1-99FEDC941B8C}.Release|ARM.ActiveCfg = Release|iPhone
		{17228C0B-918C-4ABB-B5A1-99FEDC941B8C}.Release|iPhone.ActiveCfg = Release|iPhone
		{17228C0B-918C-4ABB-B5A1-99FEDC941B8C}.Release|iPhone.Build.0 = Release|iPhone
		{17228C0B-918C-4ABB-B5A1-99FEDC941B8C}.Release|iPhoneSimulator.ActiveCfg = Release|iPhoneSimulator
		{17228C0B-918C-4ABB-B5A1-99FEDC941B8C}.Release|iPhoneSimulator.Build.0 = Release|iPhoneSimulator
		{17228C0B-918C-4ABB-B5A1-99FEDC941B8C}.Release|x64.ActiveCfg = Release|iPhone
		{17228C0B-918C-4ABB-B5A1-99FEDC941B8C}.Release|x86.ActiveCfg = Release|iPhone
		{AAF4562F-F540-4F31-943E-B6ED1C7BA573}.Ad-Hoc|Any CPU.ActiveCfg = Release|x86
		{AAF4562F-F540-4F31-943E-B6ED1C7BA573}.Ad-Hoc|Any CPU.Build.0 = Release|x86
		{AAF4562F-F540-4F31-943E-B6ED1C7BA573}.Ad-Hoc|Any CPU.Deploy.0 = Release|x86
		{AAF4562F-F540-4F31-943E-B6ED1C7BA573}.Ad-Hoc|ARM.ActiveCfg = Release|ARM
		{AAF4562F-F540-4F31-943E-B6ED1C7BA573}.Ad-Hoc|ARM.Build.0 = Release|ARM
		{AAF4562F-F540-4F31-943E-B6ED1C7BA573}.Ad-Hoc|ARM.Deploy.0 = Release|ARM
		{AAF4562F-F540-4F31-943E-B6ED1C7BA573}.Ad-Hoc|iPhone.ActiveCfg = Release|x86
		{AAF4562F-F540-4F31-943E-B6ED1C7BA573}.Ad-Hoc|iPhone.Build.0 = Release|x86
		{AAF4562F-F540-4F31-943E-B6ED1C7BA573}.Ad-Hoc|iPhone.Deploy.0 = Release|x86
		{AAF4562F-F540-4F31-943E-B6ED1C7BA573}.Ad-Hoc|iPhoneSimulator.ActiveCfg = Release|x86
		{AAF4562F-F540-4F31-943E-B6ED1C7BA573}.Ad-Hoc|iPhoneSimulator.Build.0 = Release|x86
		{AAF4562F-F540-4F31-943E-B6ED1C7BA573}.Ad-Hoc|iPhoneSimulator.Deploy.0 = Release|x86
		{AAF4562F-F540-4F31-943E-B6ED1C7BA573}.Ad-Hoc|x64.ActiveCfg = Release|x64
		{AAF4562F-F540-4F31-943E-B6ED1C7BA573}.Ad-Hoc|x64.Build.0 = Release|x64
		{AAF4562F-F540-4F31-943E-B6ED1C7BA573}.Ad-Hoc|x64.Deploy.0 = Release|x64
		{AAF4562F-F540-4F31-943E-B6ED1C7BA573}.Ad-Hoc|x86.ActiveCfg = Release|x86
		{AAF4562F-F540-4F31-943E-B6ED1C7BA573}.Ad-Hoc|x86.Build.0 = Release|x86
		{AAF4562F-F540-4F31-943E-B6ED1C7BA573}.Ad-Hoc|x86.Deploy.0 = Release|x86
		{AAF4562F-F540-4F31-943E-B6ED1C7BA573}.AppStore|Any CPU.ActiveCfg = Release|x86
		{AAF4562F-F540-4F31-943E-B6ED1C7BA573}.AppStore|Any CPU.Build.0 = Release|x86
		{AAF4562F-F540-4F31-943E-B6ED1C7BA573}.AppStore|Any CPU.Deploy.0 = Release|x86
		{AAF4562F-F540-4F31-943E-B6ED1C7BA573}.AppStore|ARM.ActiveCfg = Release|ARM
		{AAF4562F-F540-4F31-943E-B6ED1C7BA573}.AppStore|ARM.Build.0 = Release|ARM
		{AAF4562F-F540-4F31-943E-B6ED1C7BA573}.AppStore|ARM.Deploy.0 = Release|ARM
		{AAF4562F-F540-4F31-943E-B6ED1C7BA573}.AppStore|iPhone.ActiveCfg = Release|x86
		{AAF4562F-F540-4F31-943E-B6ED1C7BA573}.AppStore|iPhone.Build.0 = Release|x86
		{AAF4562F-F540-4F31-943E-B6ED1C7BA573}.AppStore|iPhone.Deploy.0 = Release|x86
		{AAF4562F-F540-4F31-943E-B6ED1C7BA573}.AppStore|iPhoneSimulator.ActiveCfg = Release|x86
		{AAF4562F-F540-4F31-943E-B6ED1C7BA573}.AppStore|iPhoneSimulator.Build.0 = Release|x86
		{AAF4562F-F540-4F31-943E-B6ED1C7BA573}.AppStore|iPhoneSimulator.Deploy.0 = Release|x86
		{AAF4562F-F540-4F31-943E-B6ED1C7BA573}.AppStore|x64.ActiveCfg = Release|x64
		{AAF4562F-F540-4F31-943E-B6ED1C7BA573}.AppStore|x64.Build.0 = Release|x64
		{AAF4562F-F540-4F31-943E-B6ED1C7BA573}.AppStore|x64.Deploy.0 = Release|x64
		{AAF4562F-F540-4F31-943E-B6ED1C7BA573}.AppStore|x86.ActiveCfg = Release|x86
		{AAF4562F-F540-4F31-943E-B6ED1C7BA573}.AppStore|x86.Build.0 = Release|x86
		{AAF4562F-F540-4F31-943E-B6ED1C7BA573}.AppStore|x86.Deploy.0 = Release|x86
		{AAF4562F-F540-4F31-943E-B6ED1C7BA573}.Debug|Any CPU.ActiveCfg = Debug|x86
		{AAF4562F-F540-4F31-943E-B6ED1C7BA573}.Debug|ARM.ActiveCfg = Debug|ARM
		{AAF4562F-F540-4F31-943E-B6ED1C7BA573}.Debug|ARM.Build.0 = Debug|ARM
		{AAF4562F-F540-4F31-943E-B6ED1C7BA573}.Debug|ARM.Deploy.0 = Debug|ARM
		{AAF4562F-F540-4F31-943E-B6ED1C7BA573}.Debug|iPhone.ActiveCfg = Debug|x86
		{AAF4562F-F540-4F31-943E-B6ED1C7BA573}.Debug|iPhoneSimulator.ActiveCfg = Debug|x86
		{AAF4562F-F540-4F31-943E-B6ED1C7BA573}.Debug|x64.ActiveCfg = Debug|x64
		{AAF4562F-F540-4F31-943E-B6ED1C7BA573}.Debug|x64.Build.0 = Debug|x64
		{AAF4562F-F540-4F31-943E-B6ED1C7BA573}.Debug|x64.Deploy.0 = Debug|x64
		{AAF4562F-F540-4F31-943E-B6ED1C7BA573}.Debug|x86.ActiveCfg = Debug|x86
		{AAF4562F-F540-4F31-943E-B6ED1C7BA573}.Debug|x86.Build.0 = Debug|x86
		{AAF4562F-F540-4F31-943E-B6ED1C7BA573}.Debug|x86.Deploy.0 = Debug|x86
		{AAF4562F-F540-4F31-943E-B6ED1C7BA573}.Release|Any CPU.ActiveCfg = Release|x86
		{AAF4562F-F540-4F31-943E-B6ED1C7BA573}.Release|ARM.ActiveCfg = Release|ARM
		{AAF4562F-F540-4F31-943E-B6ED1C7BA573}.Release|ARM.Build.0 = Release|ARM
		{AAF4562F-F540-4F31-943E-B6ED1C7BA573}.Release|ARM.Deploy.0 = Release|ARM
		{AAF4562F-F540-4F31-943E-B6ED1C7BA573}.Release|iPhone.ActiveCfg = Release|x86
		{AAF4562F-F540-4F31-943E-B6ED1C7BA573}.Release|iPhoneSimulator.ActiveCfg = Release|x86
		{AAF4562F-F540-4F31-943E-B6ED1C7BA573}.Release|x64.ActiveCfg = Release|x64
		{AAF4562F-F540-4F31-943E-B6ED1C7BA573}.Release|x64.Build.0 = Release|x64
		{AAF4562F-F540-4F31-943E-B6ED1C7BA573}.Release|x64.Deploy.0 = Release|x64
		{AAF4562F-F540-4F31-943E-B6ED1C7BA573}.Release|x86.ActiveCfg = Release|x86
		{AAF4562F-F540-4F31-943E-B6ED1C7BA573}.Release|x86.Build.0 = Release|x86
		{AAF4562F-F540-4F31-943E-B6ED1C7BA573}.Release|x86.Deploy.0 = Release|x86
	EndGlobalSection
	GlobalSection(SolutionProperties) = preSolution
		HideSolutionNode = FALSE
	EndGlobalSection
EndGlobal
